<?xml version="1.0" encoding="UTF-8" standalone="yes" ?>
<CodeBlocks_project_file>
	<FileVersion major="1" minor="6" />
	<Project>
		<Option title="4Wins_basic" />
		<Option pch_mode="2" />
		<Option compiler="gcc" />
		<Build>
			<Target title="Debug">
				<Option output="bin/Debug/4Wins_basic" prefix_auto="1" extension_auto="1" />
				<Option object_output="obj/Debug/" />
				<Option type="1" />
				<Option compiler="gcc" />
				<Compiler>
					<Add option="-g" />
				</Compiler>
			</Target>
			<Target title="Release">
				<Option output="bin/Release/4Wins_basic" prefix_auto="1" extension_auto="1" />
				<Option object_output="obj/Release/" />
				<Option type="1" />
				<Option compiler="gcc" />
				<Compiler>
					<Add option="-O2" />
				</Compiler>
				<Linker>
					<Add option="-s" />
				</Linker>
			</Target>
		</Build>
		<Compiler>
			<Add option="-Wall" />
			<Add option="-fexceptions" />
		</Compiler>
		<Unit filename="src/application/main.cpp" />
		<Unit filename="src/controller/GameControllerStandard.cpp" />
		<Unit filename="src/controller/GameControllerStandard.h" />
		<Unit filename="src/controller/GameControllerStrategy.cpp" />
		<Unit filename="src/controller/GameControllerStrategy.h" />
		<Unit filename="src/controller/GameFactory.cpp" />
		<Unit filename="src/controller/GameFactory.h" />
		<Unit filename="src/controller/LoginManager.cpp" />
		<Unit filename="src/controller/LoginManager.h" />
		<Unit filename="src/data/ICell.h" />
		<Unit filename="src/data/IField.h" />
		<Unit filename="src/data/IGame.h" />
		<Unit filename="src/data/IPlayer.h" />
		<Unit filename="src/data/impl/Cell.cpp" />
		<Unit filename="src/data/impl/Cell.h" />
		<Unit filename="src/data/impl/Field.cpp" />
		<Unit filename="src/data/impl/Field.h" />
		<Unit filename="src/data/impl/Game.cpp" />
		<Unit filename="src/data/impl/Game.h" />
		<Unit filename="src/data/impl/Player.cpp" />
		<Unit filename="src/data/impl/Player.h" />
		<Unit filename="src/view/GraphicalUI.cpp" />
		<Unit filename="src/view/GraphicalUI.h" />
		<Unit filename="src/view/TextUI.cpp" />
		<Unit filename="src/view/TextUI.h" />
		<Unit filename="test/application/mainTest.cpp" />
		<Unit filename="test/controller/GameControllerTest.cpp" />
		<Unit filename="test/controller/GameControllerTest.h" />
		<Unit filename="test/controller/GameFactoryTest.cpp" />
		<Unit filename="test/controller/GameFactoryTest.h" />
		<Unit filename="test/data/CellTest.cpp" />
		<Unit filename="test/data/CellTest.h" />
		<Unit filename="test/data/FieldTest.cpp" />
		<Unit filename="test/data/FieldTest.h" />
		<Unit filename="test/data/GameTest.cpp" />
		<Unit filename="test/data/GameTest.h" />
		<Unit filename="test/data/PlayerTest.cpp" />
		<Unit filename="test/data/PlayerTest.h" />
		<Extensions>
			<code_completion />
			<envvars />
			<debugger />
			<lib_finder disable_auto="1" />
		</Extensions>
	</Project>
</CodeBlocks_project_file>
